
Microsoft Visual Studio Solution File, Format Version 12.00
# Visual Studio 15
VisualStudioVersion = 15.0.28307.421
MinimumVisualStudioVersion = 10.0.40219.1
Project("{FAE04EC0-301F-11D3-BF4B-00C04F79EFBC}") = "ActiveDirectoryAuth", "ActiveDirectoryAuth\ActiveDirectoryAuth.csproj", "{63A602CF-A555-4C49-A59E-7996A1A451D0}"
EndProject
Global
	GlobalSection(SolutionConfigurationPlatforms) = preSolution
		Debug|Any CPU = Debug|Any CPU
		Release|Any CPU = Release|Any CPU
	EndGlobalSection
	GlobalSection(ProjectConfigurationPlatforms) = postSolution
		{63A602CF-A555-4C49-A59E-7996A1A451D0}.Debug|Any CPU.ActiveCfg = Debug|Any CPU
		{63A602CF-A555-4C49-A59E-7996A1A451D0}.Debug|Any CPU.Build.0 = Debug|Any CPU
		{63A602CF-A555-4C49-A59E-7996A1A451D0}.Release|Any CPU.ActiveCfg = Release|Any CPU
		{63A602CF-A555-4C49-A59E-7996A1A451D0}.Release|Any CPU.Build.0 = Release|Any CPU
	EndGlobalSection
	GlobalSection(SolutionProperties) = preSolution
		HideSolutionNode = FALSE
	EndGlobalSection
	GlobalSection(ExtensibilityGlobals) = postSolution
		SolutionGuid = {DBBA5217-3E12-4796-A797-370C6397A8E3}
	EndGlobalSection
EndGlobal
